// !$*UTF8*$!
{
	archiveVersion = 1;
	classes = {
	};
	objectVersion = 50;
	objects = {

/* Begin PBXBuildFile section */
		316D9474949C0DD1AD537065 /* Pods_VKMessenger.framework in Frameworks */ = {isa = PBXBuildFile; fileRef = E475AE8CF103871D96274327 /* Pods_VKMessenger.framework */; };
		F4149D332201FD4000A13D77 /* FriendImageLoader.swift in Sources */ = {isa = PBXBuildFile; fileRef = F4149D322201FD4000A13D77 /* FriendImageLoader.swift */; };
		F4149D352202FBAE00A13D77 /* FriendImageCache.swift in Sources */ = {isa = PBXBuildFile; fileRef = F4149D342202FBAE00A13D77 /* FriendImageCache.swift */; };
		F4149D372203183100A13D77 /* ImageManager.swift in Sources */ = {isa = PBXBuildFile; fileRef = F4149D362203183100A13D77 /* ImageManager.swift */; };
		F4149D4C2209720200A13D77 /* FriendPageHeader.swift in Sources */ = {isa = PBXBuildFile; fileRef = F4149D4B2209720200A13D77 /* FriendPageHeader.swift */; };
		F41C828821F8B1610084B6F0 /* FriendTableViewCell.xib in Resources */ = {isa = PBXBuildFile; fileRef = F41C828721F8B1600084B6F0 /* FriendTableViewCell.xib */; };
		F42FCFD321E8F0D800890BC0 /* FriendsProvider.swift in Sources */ = {isa = PBXBuildFile; fileRef = F42FCFD221E8F0D800890BC0 /* FriendsProvider.swift */; };
		F42FCFD621EC6EA200890BC0 /* AuthorizationProvider.swift in Sources */ = {isa = PBXBuildFile; fileRef = F42FCFD521EC6EA200890BC0 /* AuthorizationProvider.swift */; };
		F42FCFD821EC6EB300890BC0 /* AuthorizationController.swift in Sources */ = {isa = PBXBuildFile; fileRef = F42FCFD721EC6EB300890BC0 /* AuthorizationController.swift */; };
		F46DBE0B21DD038900C1277A /* AppDelegate.swift in Sources */ = {isa = PBXBuildFile; fileRef = F46DBE0A21DD038900C1277A /* AppDelegate.swift */; };
		F46DBE1021DD038900C1277A /* Main.storyboard in Resources */ = {isa = PBXBuildFile; fileRef = F46DBE0E21DD038900C1277A /* Main.storyboard */; };
		F46DBE1221DD038A00C1277A /* Assets.xcassets in Resources */ = {isa = PBXBuildFile; fileRef = F46DBE1121DD038A00C1277A /* Assets.xcassets */; };
		F46DBE1521DD038A00C1277A /* LaunchScreen.storyboard in Resources */ = {isa = PBXBuildFile; fileRef = F46DBE1321DD038A00C1277A /* LaunchScreen.storyboard */; };
		F46DBE2021DD038A00C1277A /* VKMessengerTests.swift in Sources */ = {isa = PBXBuildFile; fileRef = F46DBE1F21DD038A00C1277A /* VKMessengerTests.swift */; };
		F46DBE2B21DD038A00C1277A /* VKMessengerUITests.swift in Sources */ = {isa = PBXBuildFile; fileRef = F46DBE2A21DD038A00C1277A /* VKMessengerUITests.swift */; };
		F479D25421ECC6D90070F9C0 /* FriendsController.swift in Sources */ = {isa = PBXBuildFile; fileRef = F479D25321ECC6D90070F9C0 /* FriendsController.swift */; };
		F479D25D21EDDDCE0070F9C0 /* FriendTableViewCell.swift in Sources */ = {isa = PBXBuildFile; fileRef = F479D25B21EDDDCE0070F9C0 /* FriendTableViewCell.swift */; };
		F479D26021EE03D40070F9C0 /* AuthorizationView.swift in Sources */ = {isa = PBXBuildFile; fileRef = F479D25F21EE03D40070F9C0 /* AuthorizationView.swift */; };
		F479D26321F082320070F9C0 /* Constants.swift in Sources */ = {isa = PBXBuildFile; fileRef = F479D26221F082320070F9C0 /* Constants.swift */; };
		F4B4DCCA220DAA8500BDA99E /* UserPageProvider.swift in Sources */ = {isa = PBXBuildFile; fileRef = F4B4DCC9220DAA8500BDA99E /* UserPageProvider.swift */; };
		F4B4DCCC220DD4C400BDA99E /* FriendPageView.swift in Sources */ = {isa = PBXBuildFile; fileRef = F4B4DCCB220DD4C400BDA99E /* FriendPageView.swift */; };
		F4E637AE220DE94800B61563 /* FriendPageController.xib in Resources */ = {isa = PBXBuildFile; fileRef = F4E637AD220DE94800B61563 /* FriendPageController.xib */; };
		F4E637B3221176DD00B61563 /* FriendPageController.swift in Sources */ = {isa = PBXBuildFile; fileRef = F4E637B1221176DD00B61563 /* FriendPageController.swift */; };
		F4E637B72212A77F00B61563 /* FriendPageCollectionViewCell.swift in Sources */ = {isa = PBXBuildFile; fileRef = F4E637B52212A77F00B61563 /* FriendPageCollectionViewCell.swift */; };
		F4E637B82212A77F00B61563 /* FriendPageCollectionViewCell.xib in Resources */ = {isa = PBXBuildFile; fileRef = F4E637B62212A77F00B61563 /* FriendPageCollectionViewCell.xib */; };
/* End PBXBuildFile section */

/* Begin PBXContainerItemProxy section */
		F46DBE1C21DD038A00C1277A /* PBXContainerItemProxy */ = {
			isa = PBXContainerItemProxy;
			containerPortal = F46DBDFF21DD038900C1277A /* Project object */;
			proxyType = 1;
			remoteGlobalIDString = F46DBE0621DD038900C1277A;
			remoteInfo = VKMessenger;
		};
		F46DBE2721DD038A00C1277A /* PBXContainerItemProxy */ = {
			isa = PBXContainerItemProxy;
			containerPortal = F46DBDFF21DD038900C1277A /* Project object */;
			proxyType = 1;
			remoteGlobalIDString = F46DBE0621DD038900C1277A;
			remoteInfo = VKMessenger;
		};
/* End PBXContainerItemProxy section */

/* Begin PBXFileReference section */
		54A77DCFAF450168CD22A719 /* Pods-VKMessenger.release.xcconfig */ = {isa = PBXFileReference; includeInIndex = 1; lastKnownFileType = text.xcconfig; name = "Pods-VKMessenger.release.xcconfig"; path = "Pods/Target Support Files/Pods-VKMessenger/Pods-VKMessenger.release.xcconfig"; sourceTree = "<group>"; };
		B9B6C7C0D593FFB0B9A63277 /* Pods-VKMessenger.debug.xcconfig */ = {isa = PBXFileReference; includeInIndex = 1; lastKnownFileType = text.xcconfig; name = "Pods-VKMessenger.debug.xcconfig"; path = "Pods/Target Support Files/Pods-VKMessenger/Pods-VKMessenger.debug.xcconfig"; sourceTree = "<group>"; };
		E475AE8CF103871D96274327 /* Pods_VKMessenger.framework */ = {isa = PBXFileReference; explicitFileType = wrapper.framework; includeInIndex = 0; path = Pods_VKMessenger.framework; sourceTree = BUILT_PRODUCTS_DIR; };
		F4149D322201FD4000A13D77 /* FriendImageLoader.swift */ = {isa = PBXFileReference; lastKnownFileType = sourcecode.swift; path = FriendImageLoader.swift; sourceTree = "<group>"; };
		F4149D342202FBAE00A13D77 /* FriendImageCache.swift */ = {isa = PBXFileReference; lastKnownFileType = sourcecode.swift; path = FriendImageCache.swift; sourceTree = "<group>"; };
		F4149D362203183100A13D77 /* ImageManager.swift */ = {isa = PBXFileReference; lastKnownFileType = sourcecode.swift; path = ImageManager.swift; sourceTree = "<group>"; };
		F4149D4B2209720200A13D77 /* FriendPageHeader.swift */ = {isa = PBXFileReference; lastKnownFileType = sourcecode.swift; path = FriendPageHeader.swift; sourceTree = "<group>"; };
		F41C828721F8B1600084B6F0 /* FriendTableViewCell.xib */ = {isa = PBXFileReference; fileEncoding = 4; lastKnownFileType = file.xib; name = FriendTableViewCell.xib; path = "../../../Library/Mobile Documents/com~apple~CloudDocs/.Trash/VKMessenger 4.32.40 PM/Friends/FriendTableViewCell.xib"; sourceTree = "<group>"; };
		F42FCFD221E8F0D800890BC0 /* FriendsProvider.swift */ = {isa = PBXFileReference; lastKnownFileType = sourcecode.swift; path = FriendsProvider.swift; sourceTree = "<group>"; };
		F42FCFD521EC6EA200890BC0 /* AuthorizationProvider.swift */ = {isa = PBXFileReference; lastKnownFileType = sourcecode.swift; path = AuthorizationProvider.swift; sourceTree = "<group>"; };
		F42FCFD721EC6EB300890BC0 /* AuthorizationController.swift */ = {isa = PBXFileReference; lastKnownFileType = sourcecode.swift; path = AuthorizationController.swift; sourceTree = "<group>"; };
		F46DBE0721DD038900C1277A /* VKMessenger.app */ = {isa = PBXFileReference; explicitFileType = wrapper.application; includeInIndex = 0; path = VKMessenger.app; sourceTree = BUILT_PRODUCTS_DIR; };
		F46DBE0A21DD038900C1277A /* AppDelegate.swift */ = {isa = PBXFileReference; lastKnownFileType = sourcecode.swift; path = AppDelegate.swift; sourceTree = "<group>"; };
		F46DBE0F21DD038900C1277A /* Base */ = {isa = PBXFileReference; lastKnownFileType = file.storyboard; name = Base; path = Base.lproj/Main.storyboard; sourceTree = "<group>"; };
		F46DBE1121DD038A00C1277A /* Assets.xcassets */ = {isa = PBXFileReference; lastKnownFileType = folder.assetcatalog; path = Assets.xcassets; sourceTree = "<group>"; };
		F46DBE1421DD038A00C1277A /* Base */ = {isa = PBXFileReference; lastKnownFileType = file.storyboard; name = Base; path = Base.lproj/LaunchScreen.storyboard; sourceTree = "<group>"; };
		F46DBE1621DD038A00C1277A /* Info.plist */ = {isa = PBXFileReference; lastKnownFileType = text.plist.xml; path = Info.plist; sourceTree = "<group>"; };
		F46DBE1B21DD038A00C1277A /* VKMessengerTests.xctest */ = {isa = PBXFileReference; explicitFileType = wrapper.cfbundle; includeInIndex = 0; path = VKMessengerTests.xctest; sourceTree = BUILT_PRODUCTS_DIR; };
		F46DBE1F21DD038A00C1277A /* VKMessengerTests.swift */ = {isa = PBXFileReference; lastKnownFileType = sourcecode.swift; path = VKMessengerTests.swift; sourceTree = "<group>"; };
		F46DBE2121DD038A00C1277A /* Info.plist */ = {isa = PBXFileReference; lastKnownFileType = text.plist.xml; path = Info.plist; sourceTree = "<group>"; };
		F46DBE2621DD038A00C1277A /* VKMessengerUITests.xctest */ = {isa = PBXFileReference; explicitFileType = wrapper.cfbundle; includeInIndex = 0; path = VKMessengerUITests.xctest; sourceTree = BUILT_PRODUCTS_DIR; };
		F46DBE2A21DD038A00C1277A /* VKMessengerUITests.swift */ = {isa = PBXFileReference; lastKnownFileType = sourcecode.swift; path = VKMessengerUITests.swift; sourceTree = "<group>"; };
		F46DBE2C21DD038A00C1277A /* Info.plist */ = {isa = PBXFileReference; lastKnownFileType = text.plist.xml; path = Info.plist; sourceTree = "<group>"; };
		F479D25321ECC6D90070F9C0 /* FriendsController.swift */ = {isa = PBXFileReference; lastKnownFileType = sourcecode.swift; path = FriendsController.swift; sourceTree = "<group>"; };
		F479D25B21EDDDCE0070F9C0 /* FriendTableViewCell.swift */ = {isa = PBXFileReference; lastKnownFileType = sourcecode.swift; path = FriendTableViewCell.swift; sourceTree = "<group>"; };
		F479D25F21EE03D40070F9C0 /* AuthorizationView.swift */ = {isa = PBXFileReference; lastKnownFileType = sourcecode.swift; path = AuthorizationView.swift; sourceTree = "<group>"; };
		F479D26221F082320070F9C0 /* Constants.swift */ = {isa = PBXFileReference; lastKnownFileType = sourcecode.swift; path = Constants.swift; sourceTree = "<group>"; };
		F4B4DCC9220DAA8500BDA99E /* UserPageProvider.swift */ = {isa = PBXFileReference; lastKnownFileType = sourcecode.swift; path = UserPageProvider.swift; sourceTree = "<group>"; };
		F4B4DCCB220DD4C400BDA99E /* FriendPageView.swift */ = {isa = PBXFileReference; lastKnownFileType = sourcecode.swift; path = FriendPageView.swift; sourceTree = "<group>"; };
		F4E637AD220DE94800B61563 /* FriendPageController.xib */ = {isa = PBXFileReference; lastKnownFileType = file.xib; path = FriendPageController.xib; sourceTree = "<group>"; };
		F4E637B1221176DD00B61563 /* FriendPageController.swift */ = {isa = PBXFileReference; lastKnownFileType = sourcecode.swift; path = FriendPageController.swift; sourceTree = "<group>"; };
		F4E637B52212A77F00B61563 /* FriendPageCollectionViewCell.swift */ = {isa = PBXFileReference; lastKnownFileType = sourcecode.swift; path = FriendPageCollectionViewCell.swift; sourceTree = "<group>"; };
		F4E637B62212A77F00B61563 /* FriendPageCollectionViewCell.xib */ = {isa = PBXFileReference; lastKnownFileType = file.xib; path = FriendPageCollectionViewCell.xib; sourceTree = "<group>"; };
/* End PBXFileReference section */

/* Begin PBXFrameworksBuildPhase section */
		F46DBE0421DD038900C1277A /* Frameworks */ = {
			isa = PBXFrameworksBuildPhase;
			buildActionMask = 2147483647;
			files = (
				316D9474949C0DD1AD537065 /* Pods_VKMessenger.framework in Frameworks */,
			);
			runOnlyForDeploymentPostprocessing = 0;
		};
		F46DBE1821DD038A00C1277A /* Frameworks */ = {
			isa = PBXFrameworksBuildPhase;
			buildActionMask = 2147483647;
			files = (
			);
			runOnlyForDeploymentPostprocessing = 0;
		};
		F46DBE2321DD038A00C1277A /* Frameworks */ = {
			isa = PBXFrameworksBuildPhase;
			buildActionMask = 2147483647;
			files = (
			);
			runOnlyForDeploymentPostprocessing = 0;
		};
/* End PBXFrameworksBuildPhase section */

/* Begin PBXGroup section */
		4D2CE009E9C2D7BCC2F907D4 /* Frameworks */ = {
			isa = PBXGroup;
			children = (
				E475AE8CF103871D96274327 /* Pods_VKMessenger.framework */,
			);
			name = Frameworks;
			sourceTree = "<group>";
		};
		AF6884D2C41FD78274B537A1 /* Pods */ = {
			isa = PBXGroup;
			children = (
				B9B6C7C0D593FFB0B9A63277 /* Pods-VKMessenger.debug.xcconfig */,
				54A77DCFAF450168CD22A719 /* Pods-VKMessenger.release.xcconfig */,
			);
			name = Pods;
			sourceTree = "<group>";
		};
		F4149D382203189500A13D77 /* ImageProvider */ = {
			isa = PBXGroup;
			children = (
				F4149D322201FD4000A13D77 /* FriendImageLoader.swift */,
				F4149D342202FBAE00A13D77 /* FriendImageCache.swift */,
				F4149D362203183100A13D77 /* ImageManager.swift */,
			);
			path = ImageProvider;
			sourceTree = "<group>";
		};
		F4149D482209717F00A13D77 /* FriendPage */ = {
			isa = PBXGroup;
			children = (
				F4E637B1221176DD00B61563 /* FriendPageController.swift */,
				F4B4DCCB220DD4C400BDA99E /* FriendPageView.swift */,
				F4149D4B2209720200A13D77 /* FriendPageHeader.swift */,
				F4E637AD220DE94800B61563 /* FriendPageController.xib */,
				F4E637B52212A77F00B61563 /* FriendPageCollectionViewCell.swift */,
				F4E637B62212A77F00B61563 /* FriendPageCollectionViewCell.xib */,
			);
			path = FriendPage;
			sourceTree = "<group>";
		};
		F42FCFCB21E8CF8D00890BC0 /* Model */ = {
			isa = PBXGroup;
			children = (
				F4149D382203189500A13D77 /* ImageProvider */,
				F42FCFD221E8F0D800890BC0 /* FriendsProvider.swift */,
				F4B4DCC9220DAA8500BDA99E /* UserPageProvider.swift */,
			);
			path = Model;
			sourceTree = "<group>";
		};
		F42FCFD421EC6E5C00890BC0 /* Authorization */ = {
			isa = PBXGroup;
			children = (
				F42FCFD721EC6EB300890BC0 /* AuthorizationController.swift */,
				F42FCFD521EC6EA200890BC0 /* AuthorizationProvider.swift */,
				F479D25F21EE03D40070F9C0 /* AuthorizationView.swift */,
			);
			path = Authorization;
			sourceTree = "<group>";
		};
		F46DBDFE21DD038900C1277A = {
			isa = PBXGroup;
			children = (
				F479D26121F082070070F9C0 /* Constants */,
				F42FCFCB21E8CF8D00890BC0 /* Model */,
				F4149D482209717F00A13D77 /* FriendPage */,
				F479D24E21ECC5830070F9C0 /* Friends */,
				F42FCFD421EC6E5C00890BC0 /* Authorization */,
				F46DBE0921DD038900C1277A /* VKMessenger */,
				F46DBE1E21DD038A00C1277A /* VKMessengerTests */,
				F46DBE2921DD038A00C1277A /* VKMessengerUITests */,
				F46DBE0821DD038900C1277A /* Products */,
				AF6884D2C41FD78274B537A1 /* Pods */,
				4D2CE009E9C2D7BCC2F907D4 /* Frameworks */,
			);
			sourceTree = "<group>";
		};
		F46DBE0821DD038900C1277A /* Products */ = {
			isa = PBXGroup;
			children = (
				F46DBE0721DD038900C1277A /* VKMessenger.app */,
				F46DBE1B21DD038A00C1277A /* VKMessengerTests.xctest */,
				F46DBE2621DD038A00C1277A /* VKMessengerUITests.xctest */,
			);
			name = Products;
			sourceTree = "<group>";
		};
		F46DBE0921DD038900C1277A /* VKMessenger */ = {
			isa = PBXGroup;
			children = (
				F46DBE0A21DD038900C1277A /* AppDelegate.swift */,
				F46DBE0E21DD038900C1277A /* Main.storyboard */,
				F46DBE1121DD038A00C1277A /* Assets.xcassets */,
				F46DBE1321DD038A00C1277A /* LaunchScreen.storyboard */,
				F46DBE1621DD038A00C1277A /* Info.plist */,
			);
			path = VKMessenger;
			sourceTree = "<group>";
		};
		F46DBE1E21DD038A00C1277A /* VKMessengerTests */ = {
			isa = PBXGroup;
			children = (
				F46DBE1F21DD038A00C1277A /* VKMessengerTests.swift */,
				F46DBE2121DD038A00C1277A /* Info.plist */,
			);
			path = VKMessengerTests;
			sourceTree = "<group>";
		};
		F46DBE2921DD038A00C1277A /* VKMessengerUITests */ = {
			isa = PBXGroup;
			children = (
				F46DBE2A21DD038A00C1277A /* VKMessengerUITests.swift */,
				F46DBE2C21DD038A00C1277A /* Info.plist */,
			);
			path = VKMessengerUITests;
			sourceTree = "<group>";
		};
		F479D24E21ECC5830070F9C0 /* Friends */ = {
			isa = PBXGroup;
			children = (
				F479D25321ECC6D90070F9C0 /* FriendsController.swift */,
				F479D25B21EDDDCE0070F9C0 /* FriendTableViewCell.swift */,
				F41C828721F8B1600084B6F0 /* FriendTableViewCell.xib */,
			);
			path = Friends;
			sourceTree = "<group>";
		};
		F479D26121F082070070F9C0 /* Constants */ = {
			isa = PBXGroup;
			children = (
				F479D26221F082320070F9C0 /* Constants.swift */,
			);
			path = Constants;
			sourceTree = "<group>";
		};
/* End PBXGroup section */

/* Begin PBXNativeTarget section */
		F46DBE0621DD038900C1277A /* VKMessenger */ = {
			isa = PBXNativeTarget;
			buildConfigurationList = F46DBE2F21DD038A00C1277A /* Build configuration list for PBXNativeTarget "VKMessenger" */;
			buildPhases = (
				3AE344178783E068A37D945E /* [CP] Check Pods Manifest.lock */,
				F46DBE0321DD038900C1277A /* Sources */,
				F46DBE0421DD038900C1277A /* Frameworks */,
				F46DBE0521DD038900C1277A /* Resources */,
				E7E17246005D930C58D0DECC /* [CP] Embed Pods Frameworks */,
			);
			buildRules = (
			);
			dependencies = (
			);
			name = VKMessenger;
			productName = VKMessenger;
			productReference = F46DBE0721DD038900C1277A /* VKMessenger.app */;
			productType = "com.apple.product-type.application";
		};
		F46DBE1A21DD038A00C1277A /* VKMessengerTests */ = {
			isa = PBXNativeTarget;
			buildConfigurationList = F46DBE3221DD038A00C1277A /* Build configuration list for PBXNativeTarget "VKMessengerTests" */;
			buildPhases = (
				F46DBE1721DD038A00C1277A /* Sources */,
				F46DBE1821DD038A00C1277A /* Frameworks */,
				F46DBE1921DD038A00C1277A /* Resources */,
			);
			buildRules = (
			);
			dependencies = (
				F46DBE1D21DD038A00C1277A /* PBXTargetDependency */,
			);
			name = VKMessengerTests;
			productName = VKMessengerTests;
			productReference = F46DBE1B21DD038A00C1277A /* VKMessengerTests.xctest */;
			productType = "com.apple.product-type.bundle.unit-test";
		};
		F46DBE2521DD038A00C1277A /* VKMessengerUITests */ = {
			isa = PBXNativeTarget;
			buildConfigurationList = F46DBE3521DD038A00C1277A /* Build configuration list for PBXNativeTarget "VKMessengerUITests" */;
			buildPhases = (
				F46DBE2221DD038A00C1277A /* Sources */,
				F46DBE2321DD038A00C1277A /* Frameworks */,
				F46DBE2421DD038A00C1277A /* Resources */,
			);
			buildRules = (
			);
			dependencies = (
				F46DBE2821DD038A00C1277A /* PBXTargetDependency */,
			);
			name = VKMessengerUITests;
			productName = VKMessengerUITests;
			productReference = F46DBE2621DD038A00C1277A /* VKMessengerUITests.xctest */;
			productType = "com.apple.product-type.bundle.ui-testing";
		};
/* End PBXNativeTarget section */

/* Begin PBXProject section */
		F46DBDFF21DD038900C1277A /* Project object */ = {
			isa = PBXProject;
			attributes = {
				LastSwiftUpdateCheck = 1010;
				LastUpgradeCheck = 1010;
				ORGANIZATIONNAME = "Vitaly Shurin";
				TargetAttributes = {
					F46DBE0621DD038900C1277A = {
						CreatedOnToolsVersion = 10.1;
					};
					F46DBE1A21DD038A00C1277A = {
						CreatedOnToolsVersion = 10.1;
						TestTargetID = F46DBE0621DD038900C1277A;
					};
					F46DBE2521DD038A00C1277A = {
						CreatedOnToolsVersion = 10.1;
						TestTargetID = F46DBE0621DD038900C1277A;
					};
				};
			};
			buildConfigurationList = F46DBE0221DD038900C1277A /* Build configuration list for PBXProject "VKMessenger" */;
			compatibilityVersion = "Xcode 9.3";
			developmentRegion = en;
			hasScannedForEncodings = 0;
			knownRegions = (
				en,
				Base,
			);
			mainGroup = F46DBDFE21DD038900C1277A;
			productRefGroup = F46DBE0821DD038900C1277A /* Products */;
			projectDirPath = "";
			projectRoot = "";
			targets = (
				F46DBE0621DD038900C1277A /* VKMessenger */,
				F46DBE1A21DD038A00C1277A /* VKMessengerTests */,
				F46DBE2521DD038A00C1277A /* VKMessengerUITests */,
			);
		};
/* End PBXProject section */

/* Begin PBXResourcesBuildPhase section */
		F46DBE0521DD038900C1277A /* Resources */ = {
			isa = PBXResourcesBuildPhase;
			buildActionMask = 2147483647;
			files = (
				F41C828821F8B1610084B6F0 /* FriendTableViewCell.xib in Resources */,
				F46DBE1521DD038A00C1277A /* LaunchScreen.storyboard in Resources */,
				F4E637AE220DE94800B61563 /* FriendPageController.xib in Resources */,
				F46DBE1221DD038A00C1277A /* Assets.xcassets in Resources */,
				F4E637B82212A77F00B61563 /* FriendPageCollectionViewCell.xib in Resources */,
				F46DBE1021DD038900C1277A /* Main.storyboard in Resources */,
			);
			runOnlyForDeploymentPostprocessing = 0;
		};
		F46DBE1921DD038A00C1277A /* Resources */ = {
			isa = PBXResourcesBuildPhase;
			buildActionMask = 2147483647;
			files = (
			);
			runOnlyForDeploymentPostprocessing = 0;
		};
		F46DBE2421DD038A00C1277A /* Resources */ = {
			isa = PBXResourcesBuildPhase;
			buildActionMask = 2147483647;
			files = (
			);
			runOnlyForDeploymentPostprocessing = 0;
		};
/* End PBXResourcesBuildPhase section */

/* Begin PBXShellScriptBuildPhase section */
		3AE344178783E068A37D945E /* [CP] Check Pods Manifest.lock */ = {
			isa = PBXShellScriptBuildPhase;
			buildActionMask = 2147483647;
			files = (
			);
			inputFileListPaths = (
			);
			inputPaths = (
				"${PODS_PODFILE_DIR_PATH}/Podfile.lock",
				"${PODS_ROOT}/Manifest.lock",
			);
			name = "[CP] Check Pods Manifest.lock";
			outputFileListPaths = (
			);
			outputPaths = (
				"$(DERIVED_FILE_DIR)/Pods-VKMessenger-checkManifestLockResult.txt",
			);
			runOnlyForDeploymentPostprocessing = 0;
			shellPath = /bin/sh;
			shellScript = "diff \"${PODS_PODFILE_DIR_PATH}/Podfile.lock\" \"${PODS_ROOT}/Manifest.lock\" > /dev/null\nif [ $? != 0 ] ; then\n    # print error to STDERR\n    echo \"error: The sandbox is not in sync with the Podfile.lock. Run 'pod install' or update your CocoaPods installation.\" >&2\n    exit 1\nfi\n# This output is used by Xcode 'outputs' to avoid re-running this script phase.\necho \"SUCCESS\" > \"${SCRIPT_OUTPUT_FILE_0}\"\n";
			showEnvVarsInLog = 0;
		};
		E7E17246005D930C58D0DECC /* [CP] Embed Pods Frameworks */ = {
			isa = PBXShellScriptBuildPhase;
			buildActionMask = 2147483647;
			files = (
			);
			inputFileListPaths = (
			);
			inputPaths = (
				"${SRCROOT}/Pods/Target Support Files/Pods-VKMessenger/Pods-VKMessenger-frameworks.sh",
				"${BUILT_PRODUCTS_DIR}/VK-ios-sdk/VK_ios_sdk.framework",
			);
			name = "[CP] Embed Pods Frameworks";
			outputFileListPaths = (
			);
			outputPaths = (
				"${TARGET_BUILD_DIR}/${FRAMEWORKS_FOLDER_PATH}/VK_ios_sdk.framework",
			);
			runOnlyForDeploymentPostprocessing = 0;
			shellPath = /bin/sh;
			shellScript = "\"${SRCROOT}/Pods/Target Support Files/Pods-VKMessenger/Pods-VKMessenger-frameworks.sh\"\n";
			showEnvVarsInLog = 0;
		};
/* End PBXShellScriptBuildPhase section */

/* Begin PBXSourcesBuildPhase section */
		F46DBE0321DD038900C1277A /* Sources */ = {
			isa = PBXSourcesBuildPhase;
			buildActionMask = 2147483647;
			files = (
				F4B4DCCC220DD4C400BDA99E /* FriendPageView.swift in Sources */,
				F42FCFD621EC6EA200890BC0 /* AuthorizationProvider.swift in Sources */,
				F479D25421ECC6D90070F9C0 /* FriendsController.swift in Sources */,
				F46DBE0B21DD038900C1277A /* AppDelegate.swift in Sources */,
				F42FCFD321E8F0D800890BC0 /* FriendsProvider.swift in Sources */,
				F4149D332201FD4000A13D77 /* FriendImageLoader.swift in Sources */,
				F4B4DCCA220DAA8500BDA99E /* UserPageProvider.swift in Sources */,
				F42FCFD821EC6EB300890BC0 /* AuthorizationController.swift in Sources */,
				F479D26021EE03D40070F9C0 /* AuthorizationView.swift in Sources */,
				F479D25D21EDDDCE0070F9C0 /* FriendTableViewCell.swift in Sources */,
				F4149D352202FBAE00A13D77 /* FriendImageCache.swift in Sources */,
				F4149D372203183100A13D77 /* ImageManager.swift in Sources */,
				F479D26321F082320070F9C0 /* Constants.swift in Sources */,
				F4E637B72212A77F00B61563 /* FriendPageCollectionViewCell.swift in Sources */,
				F4E637B3221176DD00B61563 /* FriendPageController.swift in Sources */,
				F4149D4C2209720200A13D77 /* FriendPageHeader.swift in Sources */,
			);
			runOnlyForDeploymentPostprocessing = 0;
		};
		F46DBE1721DD038A00C1277A /* Sources */ = {
			isa = PBXSourcesBuildPhase;
			buildActionMask = 2147483647;
			files = (
				F46DBE2021DD038A00C1277A /* VKMessengerTests.swift in Sources */,
			);
			runOnlyForDeploymentPostprocessing = 0;
		};
		F46DBE2221DD038A00C1277A /* Sources */ = {
			isa = PBXSourcesBuildPhase;
			buildActionMask = 2147483647;
			files = (
				F46DBE2B21DD038A00C1277A /* VKMessengerUITests.swift in Sources */,
			);
			runOnlyForDeploymentPostprocessing = 0;
		};
/* End PBXSourcesBuildPhase section */

/* Begin PBXTargetDependency section */
		F46DBE1D21DD038A00C1277A /* PBXTargetDependency */ = {
			isa = PBXTargetDependency;
			target = F46DBE0621DD038900C1277A /* VKMessenger */;
			targetProxy = F46DBE1C21DD038A00C1277A /* PBXContainerItemProxy */;
		};
		F46DBE2821DD038A00C1277A /* PBXTargetDependency */ = {
			isa = PBXTargetDependency;
			target = F46DBE0621DD038900C1277A /* VKMessenger */;
			targetProxy = F46DBE2721DD038A00C1277A /* PBXContainerItemProxy */;
		};
/* End PBXTargetDependency section */

/* Begin PBXVariantGroup section */
		F46DBE0E21DD038900C1277A /* Main.storyboard */ = {
			isa = PBXVariantGroup;
			children = (
				F46DBE0F21DD038900C1277A /* Base */,
			);
			name = Main.storyboard;
			sourceTree = "<group>";
		};
		F46DBE1321DD038A00C1277A /* LaunchScreen.storyboard */ = {
			isa = PBXVariantGroup;
			children = (
				F46DBE1421DD038A00C1277A /* Base */,
			);
			name = LaunchScreen.storyboard;
			sourceTree = "<group>";
		};
/* End PBXVariantGroup section */

/* Begin XCBuildConfiguration section */
		F46DBE2D21DD038A00C1277A /* Debug */ = {
			isa = XCBuildConfiguration;
			buildSettings = {
				ALWAYS_SEARCH_USER_PATHS = NO;
				CLANG_ANALYZER_NONNULL = YES;
				CLANG_ANALYZER_NUMBER_OBJECT_CONVERSION = YES_AGGRESSIVE;
				CLANG_CXX_LANGUAGE_STANDARD = "gnu++14";
				CLANG_CXX_LIBRARY = "libc++";
				CLANG_ENABLE_MODULES = YES;
				CLANG_ENABLE_OBJC_ARC = YES;
				CLANG_ENABLE_OBJC_WEAK = YES;
				CLANG_WARN_BLOCK_CAPTURE_AUTORELEASING = YES;
				CLANG_WARN_BOOL_CONVERSION = YES;
				CLANG_WARN_COMMA = YES;
				CLANG_WARN_CONSTANT_CONVERSION = YES;
				CLANG_WARN_DEPRECATED_OBJC_IMPLEMENTATIONS = YES;
				CLANG_WARN_DIRECT_OBJC_ISA_USAGE = YES_ERROR;
				CLANG_WARN_DOCUMENTATION_COMMENTS = YES;
				CLANG_WARN_EMPTY_BODY = YES;
				CLANG_WARN_ENUM_CONVERSION = YES;
				CLANG_WARN_INFINITE_RECURSION = YES;
				CLANG_WARN_INT_CONVERSION = YES;
				CLANG_WARN_NON_LITERAL_NULL_CONVERSION = YES;
				CLANG_WARN_OBJC_IMPLICIT_RETAIN_SELF = YES;
				CLANG_WARN_OBJC_LITERAL_CONVERSION = YES;
				CLANG_WARN_OBJC_ROOT_CLASS = YES_ERROR;
				CLANG_WARN_RANGE_LOOP_ANALYSIS = YES;
				CLANG_WARN_STRICT_PROTOTYPES = YES;
				CLANG_WARN_SUSPICIOUS_MOVE = YES;
				CLANG_WARN_UNGUARDED_AVAILABILITY = YES_AGGRESSIVE;
				CLANG_WARN_UNREACHABLE_CODE = YES;
				CLANG_WARN__DUPLICATE_METHOD_MATCH = YES;
				CODE_SIGN_IDENTITY = "iPhone Developer";
				COPY_PHASE_STRIP = NO;
				DEBUG_INFORMATION_FORMAT = dwarf;
				ENABLE_STRICT_OBJC_MSGSEND = YES;
				ENABLE_TESTABILITY = YES;
				GCC_C_LANGUAGE_STANDARD = gnu11;
				GCC_DYNAMIC_NO_PIC = NO;
				GCC_NO_COMMON_BLOCKS = YES;
				GCC_OPTIMIZATION_LEVEL = 0;
				GCC_PREPROCESSOR_DEFINITIONS = (
					"DEBUG=1",
					"$(inherited)",
				);
				GCC_WARN_64_TO_32_BIT_CONVERSION = YES;
				GCC_WARN_ABOUT_RETURN_TYPE = YES_ERROR;
				GCC_WARN_UNDECLARED_SELECTOR = YES;
				GCC_WARN_UNINITIALIZED_AUTOS = YES_AGGRESSIVE;
				GCC_WARN_UNUSED_FUNCTION = YES;
				GCC_WARN_UNUSED_VARIABLE = YES;
				IPHONEOS_DEPLOYMENT_TARGET = 12.1;
				MTL_ENABLE_DEBUG_INFO = INCLUDE_SOURCE;
				MTL_FAST_MATH = YES;
				ONLY_ACTIVE_ARCH = YES;
				SDKROOT = iphoneos;
				SWIFT_ACTIVE_COMPILATION_CONDITIONS = DEBUG;
				SWIFT_OPTIMIZATION_LEVEL = "-Onone";
			};
			name = Debug;
		};
		F46DBE2E21DD038A00C1277A /* Release */ = {
			isa = XCBuildConfiguration;
			buildSettings = {
				ALWAYS_SEARCH_USER_PATHS = NO;
				CLANG_ANALYZER_NONNULL = YES;
				CLANG_ANALYZER_NUMBER_OBJECT_CONVERSION = YES_AGGRESSIVE;
				CLANG_CXX_LANGUAGE_STANDARD = "gnu++14";
				CLANG_CXX_LIBRARY = "libc++";
				CLANG_ENABLE_MODULES = YES;
				CLANG_ENABLE_OBJC_ARC = YES;
				CLANG_ENABLE_OBJC_WEAK = YES;
				CLANG_WARN_BLOCK_CAPTURE_AUTORELEASING = YES;
				CLANG_WARN_BOOL_CONVERSION = YES;
				CLANG_WARN_COMMA = YES;
				CLANG_WARN_CONSTANT_CONVERSION = YES;
				CLANG_WARN_DEPRECATED_OBJC_IMPLEMENTATIONS = YES;
				CLANG_WARN_DIRECT_OBJC_ISA_USAGE = YES_ERROR;
				CLANG_WARN_DOCUMENTATION_COMMENTS = YES;
				CLANG_WARN_EMPTY_BODY = YES;
				CLANG_WARN_ENUM_CONVERSION = YES;
				CLANG_WARN_INFINITE_RECURSION = YES;
				CLANG_WARN_INT_CONVERSION = YES;
				CLANG_WARN_NON_LITERAL_NULL_CONVERSION = YES;
				CLANG_WARN_OBJC_IMPLICIT_RETAIN_SELF = YES;
				CLANG_WARN_OBJC_LITERAL_CONVERSION = YES;
				CLANG_WARN_OBJC_ROOT_CLASS = YES_ERROR;
				CLANG_WARN_RANGE_LOOP_ANALYSIS = YES;
				CLANG_WARN_STRICT_PROTOTYPES = YES;
				CLANG_WARN_SUSPICIOUS_MOVE = YES;
				CLANG_WARN_UNGUARDED_AVAILABILITY = YES_AGGRESSIVE;
				CLANG_WARN_UNREACHABLE_CODE = YES;
				CLANG_WARN__DUPLICATE_METHOD_MATCH = YES;
				CODE_SIGN_IDENTITY = "iPhone Developer";
				COPY_PHASE_STRIP = NO;
				DEBUG_INFORMATION_FORMAT = "dwarf-with-dsym";
				ENABLE_NS_ASSERTIONS = NO;
				ENABLE_STRICT_OBJC_MSGSEND = YES;
				GCC_C_LANGUAGE_STANDARD = gnu11;
				GCC_NO_COMMON_BLOCKS = YES;
				GCC_WARN_64_TO_32_BIT_CONVERSION = YES;
				GCC_WARN_ABOUT_RETURN_TYPE = YES_ERROR;
				GCC_WARN_UNDECLARED_SELECTOR = YES;
				GCC_WARN_UNINITIALIZED_AUTOS = YES_AGGRESSIVE;
				GCC_WARN_UNUSED_FUNCTION = YES;
				GCC_WARN_UNUSED_VARIABLE = YES;
				IPHONEOS_DEPLOYMENT_TARGET = 12.1;
				MTL_ENABLE_DEBUG_INFO = NO;
				MTL_FAST_MATH = YES;
				SDKROOT = iphoneos;
				SWIFT_COMPILATION_MODE = wholemodule;
				SWIFT_OPTIMIZATION_LEVEL = "-O";
				VALIDATE_PRODUCT = YES;
			};
			name = Release;
		};
		F46DBE3021DD038A00C1277A /* Debug */ = {
			isa = XCBuildConfiguration;
			baseConfigurationReference = B9B6C7C0D593FFB0B9A63277 /* Pods-VKMessenger.debug.xcconfig */;
			buildSettings = {
				ASSETCATALOG_COMPILER_APPICON_NAME = AppIcon;
				CODE_SIGN_STYLE = Automatic;
				DEVELOPMENT_TEAM = L74P54Q3GP;
				INFOPLIST_FILE = VKMessenger/Info.plist;
				IPHONEOS_DEPLOYMENT_TARGET = 11.4;
				LD_RUNPATH_SEARCH_PATHS = (
					"$(inherited)",
					"@executable_path/Frameworks",
				);
				PRODUCT_BUNDLE_IDENTIFIER = c.VKMessenger;
				PRODUCT_NAME = "$(TARGET_NAME)";
				SWIFT_VERSION = 4.2;
				TARGETED_DEVICE_FAMILY = "1,2";
			};
			name = Debug;
		};
		F46DBE3121DD038A00C1277A /* Release */ = {
			isa = XCBuildConfiguration;
			baseConfigurationReference = 54A77DCFAF450168CD22A719 /* Pods-VKMessenger.release.xcconfig */;
			buildSettings = {
				ASSETCATALOG_COMPILER_APPICON_NAME = AppIcon;
				CODE_SIGN_STYLE = Automatic;
				DEVELOPMENT_TEAM = L74P54Q3GP;
				INFOPLIST_FILE = VKMessenger/Info.plist;
				IPHONEOS_DEPLOYMENT_TARGET = 11.4;
				LD_RUNPATH_SEARCH_PATHS = (
					"$(inherited)",
					"@executable_path/Frameworks",
				);
				PRODUCT_BUNDLE_IDENTIFIER = c.VKMessenger;
				PRODUCT_NAME = "$(TARGET_NAME)";
				SWIFT_VERSION = 4.2;
				TARGETED_DEVICE_FAMILY = "1,2";
			};
			name = Release;
		};
		F46DBE3321DD038A00C1277A /* Debug */ = {
			isa = XCBuildConfiguration;
			buildSettings = {
				ALWAYS_EMBED_SWIFT_STANDARD_LIBRARIES = YES;
				BUNDLE_LOADER = "$(TEST_HOST)";
				CODE_SIGN_STYLE = Automatic;
				INFOPLIST_FILE = VKMessengerTests/Info.plist;
				LD_RUNPATH_SEARCH_PATHS = (
					"$(inherited)",
					"@executable_path/Frameworks",
					"@loader_path/Frameworks",
				);
				PRODUCT_BUNDLE_IDENTIFIER = c.VKMessengerTests;
				PRODUCT_NAME = "$(TARGET_NAME)";
				SWIFT_VERSION = 4.2;
				TARGETED_DEVICE_FAMILY = "1,2";
				TEST_HOST = "$(BUILT_PRODUCTS_DIR)/VKMessenger.app/VKMessenger";
			};
			name = Debug;
		};
		F46DBE3421DD038A00C1277A /* Release */ = {
			isa = XCBuildConfiguration;
			buildSettings = {
				ALWAYS_EMBED_SWIFT_STANDARD_LIBRARIES = YES;
				BUNDLE_LOADER = "$(TEST_HOST)";
				CODE_SIGN_STYLE = Automatic;
				INFOPLIST_FILE = VKMessengerTests/Info.plist;
				LD_RUNPATH_SEARCH_PATHS = (
					"$(inherited)",
					"@executable_path/Frameworks",
					"@loader_path/Frameworks",
				);
				PRODUCT_BUNDLE_IDENTIFIER = c.VKMessengerTests;
				PRODUCT_NAME = "$(TARGET_NAME)";
				SWIFT_VERSION = 4.2;
				TARGETED_DEVICE_FAMILY = "1,2";
				TEST_HOST = "$(BUILT_PRODUCTS_DIR)/VKMessenger.app/VKMessenger";
			};
			name = Release;
		};
		F46DBE3621DD038A00C1277A /* Debug */ = {
			isa = XCBuildConfiguration;
			buildSettings = {
				ALWAYS_EMBED_SWIFT_STANDARD_LIBRARIES = YES;
				CODE_SIGN_STYLE = Automatic;
				INFOPLIST_FILE = VKMessengerUITests/Info.plist;
				LD_RUNPATH_SEARCH_PATHS = (
					"$(inherited)",
					"@executable_path/Frameworks",
					"@loader_path/Frameworks",
				);
				PRODUCT_BUNDLE_IDENTIFIER = c.VKMessengerUITests;
				PRODUCT_NAME = "$(TARGET_NAME)";
				SWIFT_VERSION = 4.2;
				TARGETED_DEVICE_FAMILY = "1,2";
				TEST_TARGET_NAME = VKMessenger;
			};
			name = Debug;
		};
		F46DBE3721DD038A00C1277A /* Release */ = {
			isa = XCBuildConfiguration;
			buildSettings = {
				ALWAYS_EMBED_SWIFT_STANDARD_LIBRARIES = YES;
				CODE_SIGN_STYLE = Automatic;
				INFOPLIST_FILE = VKMessengerUITests/Info.plist;
				LD_RUNPATH_SEARCH_PATHS = (
					"$(inherited)",
					"@executable_path/Frameworks",
					"@loader_path/Frameworks",
				);
				PRODUCT_BUNDLE_IDENTIFIER = c.VKMessengerUITests;
				PRODUCT_NAME = "$(TARGET_NAME)";
				SWIFT_VERSION = 4.2;
				TARGETED_DEVICE_FAMILY = "1,2";
				TEST_TARGET_NAME = VKMessenger;
			};
			name = Release;
		};
/* End XCBuildConfiguration section */

/* Begin XCConfigurationList section */
		F46DBE0221DD038900C1277A /* Build configuration list for PBXProject "VKMessenger" */ = {
			isa = XCConfigurationList;
			buildConfigurations = (
				F46DBE2D21DD038A00C1277A /* Debug */,
				F46DBE2E21DD038A00C1277A /* Release */,
			);
			defaultConfigurationIsVisible = 0;
			defaultConfigurationName = Release;
		};
		F46DBE2F21DD038A00C1277A /* Build configuration list for PBXNativeTarget "VKMessenger" */ = {
			isa = XCConfigurationList;
			buildConfigurations = (
				F46DBE3021DD038A00C1277A /* Debug */,
				F46DBE3121DD038A00C1277A /* Release */,
			);
			defaultConfigurationIsVisible = 0;
			defaultConfigurationName = Release;
		};
		F46DBE3221DD038A00C1277A /* Build configuration list for PBXNativeTarget "VKMessengerTests" */ = {
			isa = XCConfigurationList;
			buildConfigurations = (
				F46DBE3321DD038A00C1277A /* Debug */,
				F46DBE3421DD038A00C1277A /* Release */,
			);
			defaultConfigurationIsVisible = 0;
			defaultConfigurationName = Release;
		};
		F46DBE3521DD038A00C1277A /* Build configuration list for PBXNativeTarget "VKMessengerUITests" */ = {
			isa = XCConfigurationList;
			buildConfigurations = (
				F46DBE3621DD038A00C1277A /* Debug */,
				F46DBE3721DD038A00C1277A /* Release */,
			);
			defaultConfigurationIsVisible = 0;
			defaultConfigurationName = Release;
		};
/* End XCConfigurationList section */
	};
	rootObject = F46DBDFF21DD038900C1277A /* Project object */;
}
